
Microsoft Visual Studio Solution File, Format Version 12.00
# Visual Studio Version 17
VisualStudioVersion = 17.8.34408.163
MinimumVisualStudioVersion = 10.0.40219.1
Project("{FAE04EC0-301F-11D3-BF4B-00C04F79EFBC}") = "GasPriceCalculator.Server", "GasPriceCalculator.Server\GasPriceCalculator.Server.csproj", "{7B0139D8-D9FE-4147-9BEA-90DC2046B536}"
EndProject
Global
	GlobalSection(SolutionConfigurationPlatforms) = preSolution
		Debug|Any CPU = Debug|Any CPU
		Release|Any CPU = Release|Any CPU
	EndGlobalSection
	GlobalSection(ProjectConfigurationPlatforms) = postSolution
		{7B0139D8-D9FE-4147-9BEA-90DC2046B536}.Debug|Any CPU.ActiveCfg = Debug|Any CPU
		{7B0139D8-D9FE-4147-9BEA-90DC2046B536}.Debug|Any CPU.Build.0 = Debug|Any CPU
		{7B0139D8-D9FE-4147-9BEA-90DC2046B536}.Release|Any CPU.ActiveCfg = Release|Any CPU
		{7B0139D8-D9FE-4147-9BEA-90DC2046B536}.Release|Any CPU.Build.0 = Release|Any CPU
	EndGlobalSection
	GlobalSection(SolutionProperties) = preSolution
		HideSolutionNode = FALSE
	EndGlobalSection
	GlobalSection(ExtensibilityGlobals) = postSolution
		SolutionGuid = {84317B62-BE7D-4E04-A480-9646B024F8EB}
	EndGlobalSection
EndGlobal
